// !$*UTF8*$!
{
	archiveVersion = 1;
	classes = {
	};
	objectVersion = 50;
	objects = {

/* Begin PBXBuildFile section */
		22BCF2ED2AEF16B700CEFD87 /* AppDelegate.swift in Sources */ = {isa = PBXBuildFile; fileRef = 22BCF2EC2AEF16B700CEFD87 /* AppDelegate.swift */; };
		22BCF2EF2AEF16B700CEFD87 /* SceneDelegate.swift in Sources */ = {isa = PBXBuildFile; fileRef = 22BCF2EE2AEF16B700CEFD87 /* SceneDelegate.swift */; };
		22BCF2F12AEF16B700CEFD87 /* ViewController.swift in Sources */ = {isa = PBXBuildFile; fileRef = 22BCF2F02AEF16B700CEFD87 /* ViewController.swift */; };
		22BCF2F42AEF16B700CEFD87 /* Main.storyboard in Resources */ = {isa = PBXBuildFile; fileRef = 22BCF2F22AEF16B700CEFD87 /* Main.storyboard */; };
		22BCF2F72AEF16B700CEFD87 /* FontelaSoundBoard.xcdatamodeld in Sources */ = {isa = PBXBuildFile; fileRef = 22BCF2F52AEF16B700CEFD87 /* FontelaSoundBoard.xcdatamodeld */; };
		22BCF2F92AEF16B900CEFD87 /* Assets.xcassets in Resources */ = {isa = PBXBuildFile; fileRef = 22BCF2F82AEF16B900CEFD87 /* Assets.xcassets */; };
		22BCF2FC2AEF16B900CEFD87 /* LaunchScreen.storyboard in Resources */ = {isa = PBXBuildFile; fileRef = 22BCF2FA2AEF16B900CEFD87 /* LaunchScreen.storyboard */; };
		22BCF3042AEF2C4800CEFD87 /* SoundViewController.swift in Sources */ = {isa = PBXBuildFile; fileRef = 22BCF3032AEF2C4800CEFD87 /* SoundViewController.swift */; };
/* End PBXBuildFile section */

/* Begin PBXFileReference section */
		22BCF2E92AEF16B700CEFD87 /* FontelaSoundBoard.app */ = {isa = PBXFileReference; explicitFileType = wrapper.application; includeInIndex = 0; path = FontelaSoundBoard.app; sourceTree = BUILT_PRODUCTS_DIR; };
		22BCF2EC2AEF16B700CEFD87 /* AppDelegate.swift */ = {isa = PBXFileReference; lastKnownFileType = sourcecode.swift; path = AppDelegate.swift; sourceTree = "<group>"; };
		22BCF2EE2AEF16B700CEFD87 /* SceneDelegate.swift */ = {isa = PBXFileReference; lastKnownFileType = sourcecode.swift; path = SceneDelegate.swift; sourceTree = "<group>"; };
		22BCF2F02AEF16B700CEFD87 /* ViewController.swift */ = {isa = PBXFileReference; lastKnownFileType = sourcecode.swift; path = ViewController.swift; sourceTree = "<group>"; };
		22BCF2F32AEF16B700CEFD87 /* Base */ = {isa = PBXFileReference; lastKnownFileType = file.storyboard; name = Base; path = Base.lproj/Main.storyboard; sourceTree = "<group>"; };
		22BCF2F62AEF16B700CEFD87 /* FontelaSoundBoard.xcdatamodel */ = {isa = PBXFileReference; lastKnownFileType = wrapper.xcdatamodel; path = FontelaSoundBoard.xcdatamodel; sourceTree = "<group>"; };
		22BCF2F82AEF16B900CEFD87 /* Assets.xcassets */ = {isa = PBXFileReference; lastKnownFileType = folder.assetcatalog; path = Assets.xcassets; sourceTree = "<group>"; };
		22BCF2FB2AEF16B900CEFD87 /* Base */ = {isa = PBXFileReference; lastKnownFileType = file.storyboard; name = Base; path = Base.lproj/LaunchScreen.storyboard; sourceTree = "<group>"; };
		22BCF2FD2AEF16B900CEFD87 /* Info.plist */ = {isa = PBXFileReference; lastKnownFileType = text.plist.xml; path = Info.plist; sourceTree = "<group>"; };
		22BCF3032AEF2C4800CEFD87 /* SoundViewController.swift */ = {isa = PBXFileReference; lastKnownFileType = sourcecode.swift; path = SoundViewController.swift; sourceTree = "<group>"; };
/* End PBXFileReference section */

/* Begin PBXFrameworksBuildPhase section */
		22BCF2E62AEF16B700CEFD87 /* Frameworks */ = {
			isa = PBXFrameworksBuildPhase;
			buildActionMask = 2147483647;
			files = (
			);
			runOnlyForDeploymentPostprocessing = 0;
		};
/* End PBXFrameworksBuildPhase section */

/* Begin PBXGroup section */
		22BCF2E02AEF16B600CEFD87 = {
			isa = PBXGroup;
			children = (
				22BCF2EB2AEF16B700CEFD87 /* FontelaSoundBoard */,
				22BCF2EA2AEF16B700CEFD87 /* Products */,
			);
			sourceTree = "<group>";
		};
		22BCF2EA2AEF16B700CEFD87 /* Products */ = {
			isa = PBXGroup;
			children = (
				22BCF2E92AEF16B700CEFD87 /* FontelaSoundBoard.app */,
			);
			name = Products;
			sourceTree = "<group>";
		};
		22BCF2EB2AEF16B700CEFD87 /* FontelaSoundBoard */ = {
			isa = PBXGroup;
			children = (
				22BCF2EC2AEF16B700CEFD87 /* AppDelegate.swift */,
				22BCF2EE2AEF16B700CEFD87 /* SceneDelegate.swift */,
				22BCF2F02AEF16B700CEFD87 /* ViewController.swift */,
				22BCF2F22AEF16B700CEFD87 /* Main.storyboard */,
				22BCF2F82AEF16B900CEFD87 /* Assets.xcassets */,
				22BCF2FA2AEF16B900CEFD87 /* LaunchScreen.storyboard */,
				22BCF2FD2AEF16B900CEFD87 /* Info.plist */,
				22BCF2F52AEF16B700CEFD87 /* FontelaSoundBoard.xcdatamodeld */,
				22BCF3032AEF2C4800CEFD87 /* SoundViewController.swift */,
			);
			path = FontelaSoundBoard;
			sourceTree = "<group>";
		};
/* End PBXGroup section */

/* Begin PBXNativeTarget section */
		22BCF2E82AEF16B700CEFD87 /* FontelaSoundBoard */ = {
			isa = PBXNativeTarget;
			buildConfigurationList = 22BCF3002AEF16B900CEFD87 /* Build configuration list for PBXNativeTarget "FontelaSoundBoard" */;
			buildPhases = (
				22BCF2E52AEF16B700CEFD87 /* Sources */,
				22BCF2E62AEF16B700CEFD87 /* Frameworks */,
				22BCF2E72AEF16B700CEFD87 /* Resources */,
			);
			buildRules = (
			);
			dependencies = (
			);
			name = FontelaSoundBoard;
			productName = FontelaSoundBoard;
			productReference = 22BCF2E92AEF16B700CEFD87 /* FontelaSoundBoard.app */;
			productType = "com.apple.product-type.application";
		};
/* End PBXNativeTarget section */

/* Begin PBXProject section */
		22BCF2E12AEF16B600CEFD87 /* Project object */ = {
			isa = PBXProject;
			attributes = {
				LastSwiftUpdateCheck = 1140;
				LastUpgradeCheck = 1140;
				ORGANIZATIONNAME = "Rodrigo Fontela";
				TargetAttributes = {
					22BCF2E82AEF16B700CEFD87 = {
						CreatedOnToolsVersion = 11.4;
					};
				};
			};
			buildConfigurationList = 22BCF2E42AEF16B600CEFD87 /* Build configuration list for PBXProject "FontelaSoundBoard" */;
			compatibilityVersion = "Xcode 9.3";
			developmentRegion = en;
			hasScannedForEncodings = 0;
			knownRegions = (
				en,
				Base,
			);
			mainGroup = 22BCF2E02AEF16B600CEFD87;
			productRefGroup = 22BCF2EA2AEF16B700CEFD87 /* Products */;
			projectDirPath = "";
			projectRoot = "";
			targets = (
				22BCF2E82AEF16B700CEFD87 /* FontelaSoundBoard */,
			);
		};
/* End PBXProject section */

/* Begin PBXResourcesBuildPhase section */
		22BCF2E72AEF16B700CEFD87 /* Resources */ = {
			isa = PBXResourcesBuildPhase;
			buildActionMask = 2147483647;
			files = (
				22BCF2FC2AEF16B900CEFD87 /* LaunchScreen.storyboard in Resources */,
				22BCF2F92AEF16B900CEFD87 /* Assets.xcassets in Resources */,
				22BCF2F42AEF16B700CEFD87 /* Main.storyboard in Resources */,
			);
			runOnlyForDeploymentPostprocessing = 0;
		};
/* End PBXResourcesBuildPhase section */

/* Begin PBXSourcesBuildPhase section */
		22BCF2E52AEF16B700CEFD87 /* Sources */ = {
			isa = PBXSourcesBuildPhase;
			buildActionMask = 2147483647;
			files = (
				22BCF2F72AEF16B700CEFD87 /* FontelaSoundBoard.xcdatamodeld in Sources */,
				22BCF2F12AEF16B700CEFD87 /* ViewController.swift in Sources */,
				22BCF2ED2AEF16B700CEFD87 /* AppDelegate.swift in Sources */,
				22BCF2EF2AEF16B700CEFD87 /* SceneDelegate.swift in Sources */,
				22BCF3042AEF2C4800CEFD87 /* SoundViewController.swift in Sources */,
			);
			runOnlyForDeploymentPostprocessing = 0;
		};
/* End PBXSourcesBuildPhase section */

/* Begin PBXVariantGroup section */
		22BCF2F22AEF16B700CEFD87 /* Main.storyboard */ = {
			isa = PBXVariantGroup;
			children = (
				22BCF2F32AEF16B700CEFD87 /* Base */,
			);
			name = Main.storyboard;
			sourceTree = "<group>";
		};
		22BCF2FA2AEF16B900CEFD87 /* LaunchScreen.storyboard */ = {
			isa = PBXVariantGroup;
			children = (
				22BCF2FB2AEF16B900CEFD87 /* Base */,
			);
			name = LaunchScreen.storyboard;
			sourceTree = "<group>";
		};
/* End PBXVariantGroup section */

/* Begin XCBuildConfiguration section */
		22BCF2FE2AEF16B900CEFD87 /* Debug */ = {
			isa = XCBuildConfiguration;
			buildSettings = {
				ALWAYS_SEARCH_USER_PATHS = NO;
				CLANG_ANALYZER_NONNULL = YES;
				CLANG_ANALYZER_NUMBER_OBJECT_CONVERSION = YES_AGGRESSIVE;
				CLANG_CXX_LANGUAGE_STANDARD = "gnu++14";
				CLANG_CXX_LIBRARY = "libc++";
				CLANG_ENABLE_MODULES = YES;
				CLANG_ENABLE_OBJC_ARC = YES;
				CLANG_ENABLE_OBJC_WEAK = YES;
				CLANG_WARN_BLOCK_CAPTURE_AUTORELEASING = YES;
				CLANG_WARN_BOOL_CONVERSION = YES;
				CLANG_WARN_COMMA = YES;
				CLANG_WARN_CONSTANT_CONVERSION = YES;
				CLANG_WARN_DEPRECATED_OBJC_IMPLEMENTATIONS = YES;
				CLANG_WARN_DIRECT_OBJC_ISA_USAGE = YES_ERROR;
				CLANG_WARN_DOCUMENTATION_COMMENTS = YES;
				CLANG_WARN_EMPTY_BODY = YES;
				CLANG_WARN_ENUM_CONVERSION = YES;
				CLANG_WARN_INFINITE_RECURSION = YES;
				CLANG_WARN_INT_CONVERSION = YES;
				CLANG_WARN_NON_LITERAL_NULL_CONVERSION = YES;
				CLANG_WARN_OBJC_IMPLICIT_RETAIN_SELF = YES;
				CLANG_WARN_OBJC_LITERAL_CONVERSION = YES;
				CLANG_WARN_OBJC_ROOT_CLASS = YES_ERROR;
				CLANG_WARN_RANGE_LOOP_ANALYSIS = YES;
				CLANG_WARN_STRICT_PROTOTYPES = YES;
				CLANG_WARN_SUSPICIOUS_MOVE = YES;
				CLANG_WARN_UNGUARDED_AVAILABILITY = YES_AGGRESSIVE;
				CLANG_WARN_UNREACHABLE_CODE = YES;
				CLANG_WARN__DUPLICATE_METHOD_MATCH = YES;
				COPY_PHASE_STRIP = NO;
				DEBUG_INFORMATION_FORMAT = dwarf;
				ENABLE_STRICT_OBJC_MSGSEND = YES;
				ENABLE_TESTABILITY = YES;
				GCC_C_LANGUAGE_STANDARD = gnu11;
				GCC_DYNAMIC_NO_PIC = NO;
				GCC_NO_COMMON_BLOCKS = YES;
				GCC_OPTIMIZATION_LEVEL = 0;
				GCC_PREPROCESSOR_DEFINITIONS = (
					"DEBUG=1",
					"$(inherited)",
				);
				GCC_WARN_64_TO_32_BIT_CONVERSION = YES;
				GCC_WARN_ABOUT_RETURN_TYPE = YES_ERROR;
				GCC_WARN_UNDECLARED_SELECTOR = YES;
				GCC_WARN_UNINITIALIZED_AUTOS = YES_AGGRESSIVE;
				GCC_WARN_UNUSED_FUNCTION = YES;
				GCC_WARN_UNUSED_VARIABLE = YES;
				IPHONEOS_DEPLOYMENT_TARGET = 13.4;
				MTL_ENABLE_DEBUG_INFO = INCLUDE_SOURCE;
				MTL_FAST_MATH = YES;
				ONLY_ACTIVE_ARCH = YES;
				SDKROOT = iphoneos;
				SWIFT_ACTIVE_COMPILATION_CONDITIONS = DEBUG;
				SWIFT_OPTIMIZATION_LEVEL = "-Onone";
			};
			name = Debug;
		};
		22BCF2FF2AEF16B900CEFD87 /* Release */ = {
			isa = XCBuildConfiguration;
			buildSettings = {
				ALWAYS_SEARCH_USER_PATHS = NO;
				CLANG_ANALYZER_NONNULL = YES;
				CLANG_ANALYZER_NUMBER_OBJECT_CONVERSION = YES_AGGRESSIVE;
				CLANG_CXX_LANGUAGE_STANDARD = "gnu++14";
				CLANG_CXX_LIBRARY = "libc++";
				CLANG_ENABLE_MODULES = YES;
				CLANG_ENABLE_OBJC_ARC = YES;
				CLANG_ENABLE_OBJC_WEAK = YES;
				CLANG_WARN_BLOCK_CAPTURE_AUTORELEASING = YES;
				CLANG_WARN_BOOL_CONVERSION = YES;
				CLANG_WARN_COMMA = YES;
				CLANG_WARN_CONSTANT_CONVERSION = YES;
				CLANG_WARN_DEPRECATED_OBJC_IMPLEMENTATIONS = YES;
				CLANG_WARN_DIRECT_OBJC_ISA_USAGE = YES_ERROR;
				CLANG_WARN_DOCUMENTATION_COMMENTS = YES;
				CLANG_WARN_EMPTY_BODY = YES;
				CLANG_WARN_ENUM_CONVERSION = YES;
				CLANG_WARN_INFINITE_RECURSION = YES;
				CLANG_WARN_INT_CONVERSION = YES;
				CLANG_WARN_NON_LITERAL_NULL_CONVERSION = YES;
				CLANG_WARN_OBJC_IMPLICIT_RETAIN_SELF = YES;
				CLANG_WARN_OBJC_LITERAL_CONVERSION = YES;
				CLANG_WARN_OBJC_ROOT_CLASS = YES_ERROR;
				CLANG_WARN_RANGE_LOOP_ANALYSIS = YES;
				CLANG_WARN_STRICT_PROTOTYPES = YES;
				CLANG_WARN_SUSPICIOUS_MOVE = YES;
				CLANG_WARN_UNGUARDED_AVAILABILITY = YES_AGGRESSIVE;
				CLANG_WARN_UNREACHABLE_CODE = YES;
				CLANG_WARN__DUPLICATE_METHOD_MATCH = YES;
				COPY_PHASE_STRIP = NO;
				DEBUG_INFORMATION_FORMAT = "dwarf-with-dsym";
				ENABLE_NS_ASSERTIONS = NO;
				ENABLE_STRICT_OBJC_MSGSEND = YES;
				GCC_C_LANGUAGE_STANDARD = gnu11;
				GCC_NO_COMMON_BLOCKS = YES;
				GCC_WARN_64_TO_32_BIT_CONVERSION = YES;
				GCC_WARN_ABOUT_RETURN_TYPE = YES_ERROR;
				GCC_WARN_UNDECLARED_SELECTOR = YES;
				GCC_WARN_UNINITIALIZED_AUTOS = YES_AGGRESSIVE;
				GCC_WARN_UNUSED_FUNCTION = YES;
				GCC_WARN_UNUSED_VARIABLE = YES;
				IPHONEOS_DEPLOYMENT_TARGET = 13.4;
				MTL_ENABLE_DEBUG_INFO = NO;
				MTL_FAST_MATH = YES;
				SDKROOT = iphoneos;
				SWIFT_COMPILATION_MODE = wholemodule;
				SWIFT_OPTIMIZATION_LEVEL = "-O";
				VALIDATE_PRODUCT = YES;
			};
			name = Release;
		};
		22BCF3012AEF16B900CEFD87 /* Debug */ = {
			isa = XCBuildConfiguration;
			buildSettings = {
				ASSETCATALOG_COMPILER_APPICON_NAME = AppIcon;
				CODE_SIGN_STYLE = Automatic;
				INFOPLIST_FILE = FontelaSoundBoard/Info.plist;
				LD_RUNPATH_SEARCH_PATHS = (
					"$(inherited)",
					"@executable_path/Frameworks",
				);
				PRODUCT_BUNDLE_IDENTIFIER = miempresa.com.FontelaSoundBoard;
				PRODUCT_NAME = "$(TARGET_NAME)";
				SWIFT_VERSION = 5.0;
				TARGETED_DEVICE_FAMILY = "1,2";
			};
			name = Debug;
		};
		22BCF3022AEF16B900CEFD87 /* Release */ = {
			isa = XCBuildConfiguration;
			buildSettings = {
				ASSETCATALOG_COMPILER_APPICON_NAME = AppIcon;
				CODE_SIGN_STYLE = Automatic;
				INFOPLIST_FILE = FontelaSoundBoard/Info.plist;
				LD_RUNPATH_SEARCH_PATHS = (
					"$(inherited)",
					"@executable_path/Frameworks",
				);
				PRODUCT_BUNDLE_IDENTIFIER = miempresa.com.FontelaSoundBoard;
				PRODUCT_NAME = "$(TARGET_NAME)";
				SWIFT_VERSION = 5.0;
				TARGETED_DEVICE_FAMILY = "1,2";
			};
			name = Release;
		};
/* End XCBuildConfiguration section */

/* Begin XCConfigurationList section */
		22BCF2E42AEF16B600CEFD87 /* Build configuration list for PBXProject "FontelaSoundBoard" */ = {
			isa = XCConfigurationList;
			buildConfigurations = (
				22BCF2FE2AEF16B900CEFD87 /* Debug */,
				22BCF2FF2AEF16B900CEFD87 /* Release */,
			);
			defaultConfigurationIsVisible = 0;
			defaultConfigurationName = Release;
		};
		22BCF3002AEF16B900CEFD87 /* Build configuration list for PBXNativeTarget "FontelaSoundBoard" */ = {
			isa = XCConfigurationList;
			buildConfigurations = (
				22BCF3012AEF16B900CEFD87 /* Debug */,
				22BCF3022AEF16B900CEFD87 /* Release */,
			);
			defaultConfigurationIsVisible = 0;
			defaultConfigurationName = Release;
		};
/* End XCConfigurationList section */

/* Begin XCVersionGroup section */
		22BCF2F52AEF16B700CEFD87 /* FontelaSoundBoard.xcdatamodeld */ = {
			isa = XCVersionGroup;
			children = (
				22BCF2F62AEF16B700CEFD87 /* FontelaSoundBoard.xcdatamodel */,
			);
			currentVersion = 22BCF2F62AEF16B700CEFD87 /* FontelaSoundBoard.xcdatamodel */;
			path = FontelaSoundBoard.xcdatamodeld;
			sourceTree = "<group>";
			versionGroupType = wrapper.xcdatamodel;
		};
/* End XCVersionGroup section */
	};
	rootObject = 22BCF2E12AEF16B600CEFD87 /* Project object */;
}
